
Microsoft Visual Studio Solution File, Format Version 12.00
# Visual Studio Version 16
VisualStudioVersion = 16.0.31729.503
MinimumVisualStudioVersion = 10.0.40219.1
Project("{FAE04EC0-301F-11D3-BF4B-00C04F79EFBC}") = "fizzbuzz-test", "fizzbuzz-test\fizzbuzz-test.csproj", "{8828AF5E-20D3-4F2B-8B69-0711B4482F42}"
EndProject
Global
	GlobalSection(SolutionConfigurationPlatforms) = preSolution
		Debug|Any CPU = Debug|Any CPU
		Release|Any CPU = Release|Any CPU
	EndGlobalSection
	GlobalSection(ProjectConfigurationPlatforms) = postSolution
		{8828AF5E-20D3-4F2B-8B69-0711B4482F42}.Debug|Any CPU.ActiveCfg = Debug|Any CPU
		{8828AF5E-20D3-4F2B-8B69-0711B4482F42}.Debug|Any CPU.Build.0 = Debug|Any CPU
		{8828AF5E-20D3-4F2B-8B69-0711B4482F42}.Release|Any CPU.ActiveCfg = Release|Any CPU
		{8828AF5E-20D3-4F2B-8B69-0711B4482F42}.Release|Any CPU.Build.0 = Release|Any CPU
	EndGlobalSection
	GlobalSection(SolutionProperties) = preSolution
		HideSolutionNode = FALSE
	EndGlobalSection
	GlobalSection(ExtensibilityGlobals) = postSolution
		SolutionGuid = {4B79C4DA-5C4C-43B9-9845-5A9D8D6A5F7A}
	EndGlobalSection
EndGlobal
